
Microsoft Visual Studio Solution File, Format Version 12.00
# Visual Studio 14
VisualStudioVersion = 14.0.25420.1
MinimumVisualStudioVersion = 10.0.40219.1
Project("{FAE04EC0-301F-11D3-BF4B-00C04F79EFBC}") = "交易平台后台", "交易平台后台\交易平台后台.csproj", "{8A6600BE-8946-46D1-986E-81170A44460C}"
EndProject
Global
	GlobalSection(SolutionConfigurationPlatforms) = preSolution
		Debug|Any CPU = Debug|Any CPU
		Release|Any CPU = Release|Any CPU
	EndGlobalSection
	GlobalSection(ProjectConfigurationPlatforms) = postSolution
		{8A6600BE-8946-46D1-986E-81170A44460C}.Debug|Any CPU.ActiveCfg = Debug|Any CPU
		{8A6600BE-8946-46D1-986E-81170A44460C}.Debug|Any CPU.Build.0 = Debug|Any CPU
		{8A6600BE-8946-46D1-986E-81170A44460C}.Release|Any CPU.ActiveCfg = Release|Any CPU
		{8A6600BE-8946-46D1-986E-81170A44460C}.Release|Any CPU.Build.0 = Release|Any CPU
	EndGlobalSection
	GlobalSection(SolutionProperties) = preSolution
		HideSolutionNode = FALSE
	EndGlobalSection
EndGlobal
