
Microsoft Visual Studio Solution File, Format Version 12.00
# Visual Studio Version 16
VisualStudioVersion = 16.0.29806.167
MinimumVisualStudioVersion = 10.0.40219.1
Project("{FAE04EC0-301F-11D3-BF4B-00C04F79EFBC}") = "交易平台", "交易平台\交易平台.csproj", "{5D87391B-9CC3-49CD-9C40-51AF28327E17}"
EndProject
Project("{2150E333-8FDC-42A3-9474-1A3956D46DE8}") = "Solution Items", "Solution Items", "{267BA06B-75ED-470F-9814-520542F2A26F}"
	ProjectSection(SolutionItems) = preProject
		交易平台\img\shop.jpg = 交易平台\img\shop.jpg
		交易平台\img\其它.png = 交易平台\img\其它.png
	EndProjectSection
EndProject
Global
	GlobalSection(SolutionConfigurationPlatforms) = preSolution
		Debug|Any CPU = Debug|Any CPU
		Release|Any CPU = Release|Any CPU
	EndGlobalSection
	GlobalSection(ProjectConfigurationPlatforms) = postSolution
		{5D87391B-9CC3-49CD-9C40-51AF28327E17}.Debug|Any CPU.ActiveCfg = Debug|Any CPU
		{5D87391B-9CC3-49CD-9C40-51AF28327E17}.Debug|Any CPU.Build.0 = Debug|Any CPU
		{5D87391B-9CC3-49CD-9C40-51AF28327E17}.Release|Any CPU.ActiveCfg = Release|Any CPU
		{5D87391B-9CC3-49CD-9C40-51AF28327E17}.Release|Any CPU.Build.0 = Release|Any CPU
	EndGlobalSection
	GlobalSection(SolutionProperties) = preSolution
		HideSolutionNode = FALSE
	EndGlobalSection
	GlobalSection(ExtensibilityGlobals) = postSolution
		SolutionGuid = {DFA1F098-9887-4699-A3AD-BFBA3D292942}
	EndGlobalSection
EndGlobal
